
Microsoft Visual Studio Solution File, Format Version 12.00
# Visual Studio Version 17
VisualStudioVersion = 17.0.31903.59
MinimumVisualStudioVersion = 10.0.40219.1
Project("{FAE04EC0-301F-11D3-BF4B-00C04F79EFBC}") = "Contracts", "Contracts\Contracts.csproj", "{17E0DD3C-D575-4B2C-BCEE-C5DE90C812E5}"
EndProject
Project("{FAE04EC0-301F-11D3-BF4B-00C04F79EFBC}") = "Shared", "Shared\Shared.csproj", "{D8D9751B-3355-4C8E-9E9A-E94A5DD786F9}"
EndProject
Project("{FAE04EC0-301F-11D3-BF4B-00C04F79EFBC}") = "Simulator", "Simulator\Simulator.csproj", "{FA720C80-588C-4AD8-9C3D-2E606FB0B767}"
EndProject
Global
	GlobalSection(SolutionConfigurationPlatforms) = preSolution
		Debug|Any CPU = Debug|Any CPU
		Release|Any CPU = Release|Any CPU
	EndGlobalSection
	GlobalSection(SolutionProperties) = preSolution
		HideSolutionNode = FALSE
	EndGlobalSection
	GlobalSection(ProjectConfigurationPlatforms) = postSolution
		{17E0DD3C-D575-4B2C-BCEE-C5DE90C812E5}.Debug|Any CPU.ActiveCfg = Debug|Any CPU
		{17E0DD3C-D575-4B2C-BCEE-C5DE90C812E5}.Debug|Any CPU.Build.0 = Debug|Any CPU
		{17E0DD3C-D575-4B2C-BCEE-C5DE90C812E5}.Release|Any CPU.ActiveCfg = Release|Any CPU
		{17E0DD3C-D575-4B2C-BCEE-C5DE90C812E5}.Release|Any CPU.Build.0 = Release|Any CPU
		{D8D9751B-3355-4C8E-9E9A-E94A5DD786F9}.Debug|Any CPU.ActiveCfg = Debug|Any CPU
		{D8D9751B-3355-4C8E-9E9A-E94A5DD786F9}.Debug|Any CPU.Build.0 = Debug|Any CPU
		{D8D9751B-3355-4C8E-9E9A-E94A5DD786F9}.Release|Any CPU.ActiveCfg = Release|Any CPU
		{D8D9751B-3355-4C8E-9E9A-E94A5DD786F9}.Release|Any CPU.Build.0 = Release|Any CPU
		{FA720C80-588C-4AD8-9C3D-2E606FB0B767}.Debug|Any CPU.ActiveCfg = Debug|Any CPU
		{FA720C80-588C-4AD8-9C3D-2E606FB0B767}.Debug|Any CPU.Build.0 = Debug|Any CPU
		{FA720C80-588C-4AD8-9C3D-2E606FB0B767}.Release|Any CPU.ActiveCfg = Release|Any CPU
		{FA720C80-588C-4AD8-9C3D-2E606FB0B767}.Release|Any CPU.Build.0 = Release|Any CPU
	EndGlobalSection
EndGlobal
